{
  "object": {
    "pins": [
      {
        "package": "BigInt",
        "repositoryURL": "https://github.com/leif-ibsen/BigInt",
        "state": {
          "branch": null,
          "revision": "3ff261ecd694009513cd0a260fc03723cc61d32e",
          "version": "1.2.12"
        }
      }
    ]
  },
  "version": 1
}
